
Microsoft Visual Studio Solution File, Format Version 12.00
# Visual Studio Version 17
VisualStudioVersion = 17.0.31903.59
MinimumVisualStudioVersion = 10.0.40219.1
Project("{2150E333-8FDC-42A3-9474-1A3956D46DE8}") = "Files", "Files", "{564C795E-C1D9-4ED6-B394-F80360C37209}"
EndProject
Project("{FAE04EC0-301F-11D3-BF4B-00C04F79EFBC}") = "CreateFiles", "Files\CreateFiles\CreateFiles.csproj", "{D0E7F563-10B3-4CD3-99CF-9ADB4735949A}"
EndProject
Project("{FAE04EC0-301F-11D3-BF4B-00C04F79EFBC}") = "Directories", "Files\Directories\Directories.csproj", "{2BD440DC-6CF8-4361-8C18-66B373A24922}"
EndProject
Project("{FAE04EC0-301F-11D3-BF4B-00C04F79EFBC}") = "FileInfo", "Files\FileInfo\FileInfo.csproj", "{95F7545F-6748-48F8-AA73-16666D968DCD}"
EndProject
Project("{FAE04EC0-301F-11D3-BF4B-00C04F79EFBC}") = "ReadWriteFiles", "Files\ReadWriteFiles\ReadWriteFiles.csproj", "{1AFD585F-3137-45B2-80EB-B9A97048CC49}"
EndProject
Project("{2150E333-8FDC-42A3-9474-1A3956D46DE8}") = "NumbersDates", "NumbersDates", "{0C03B9C7-1717-448B-936E-359A9FD5F9B1}"
EndProject
Project("{FAE04EC0-301F-11D3-BF4B-00C04F79EFBC}") = "Challenge", "NumbersDates\Challenge\Challenge.csproj", "{1E4E2ED7-3990-432B-984D-65AA8A39C623}"
EndProject
Project("{FAE04EC0-301F-11D3-BF4B-00C04F79EFBC}") = "DateTimeClass", "NumbersDates\DateTimeClass\DateTimeClass.csproj", "{0BB0DFDA-642B-4044-A841-71142311822C}"
EndProject
Project("{FAE04EC0-301F-11D3-BF4B-00C04F79EFBC}") = "FormatDates", "NumbersDates\FormatDates\FormatDates.csproj", "{EAD1363F-4CC8-4B4E-877A-D839FE7C6613}"
EndProject
Project("{FAE04EC0-301F-11D3-BF4B-00C04F79EFBC}") = "FormatNumbers", "NumbersDates\FormatNumbers\FormatNumbers.csproj", "{8CAE88F4-046D-4F9C-A614-75CDF6DA9C8C}"
EndProject
Project("{FAE04EC0-301F-11D3-BF4B-00C04F79EFBC}") = "ParseDates", "NumbersDates\ParseDates\ParseDates.csproj", "{DA390330-D382-4275-A98B-BE0DB6AB87ED}"
EndProject
Project("{FAE04EC0-301F-11D3-BF4B-00C04F79EFBC}") = "ParseNumbers", "NumbersDates\ParseNumbers\ParseNumbers.csproj", "{D08FE099-D27B-473C-BD56-7B595CD1C98B}"
EndProject
Project("{2150E333-8FDC-42A3-9474-1A3956D46DE8}") = "Overview", "Overview", "{7C9E31C4-509D-44D9-9827-D75736964FD2}"
EndProject
Project("{FAE04EC0-301F-11D3-BF4B-00C04F79EFBC}") = "DataTypes", "Overview\DataTypes\DataTypes.csproj", "{38EC6F4F-B81F-4712-8E91-47164357D75C}"
EndProject
Project("{FAE04EC0-301F-11D3-BF4B-00C04F79EFBC}") = "GarbageCollect", "Overview\GarbageCollect\GarbageCollect.csproj", "{A3C9770B-0747-46AF-9DF9-5E5E595257B8}"
EndProject
Project("{FAE04EC0-301F-11D3-BF4B-00C04F79EFBC}") = "MyConsoleApp", "Overview\MyConsoleApp\MyConsoleApp.csproj", "{C20064D5-54B1-407B-96BC-E9AC93DC4DCF}"
EndProject
Project("{2150E333-8FDC-42A3-9474-1A3956D46DE8}") = "Regex", "Regex", "{B74CDA1C-2425-4B03-B4DA-4B28D6C475FD}"
EndProject
Project("{FAE04EC0-301F-11D3-BF4B-00C04F79EFBC}") = "Finding", "Regex\Finding\Finding.csproj", "{0651638D-D398-4840-824F-3A72E951259E}"
EndProject
Project("{FAE04EC0-301F-11D3-BF4B-00C04F79EFBC}") = "Replacing", "Regex\Replacing\Replacing.csproj", "{3E7CC3A7-B0ED-4605-ADAC-4CE7773B0D58}"
EndProject
Project("{FAE04EC0-301F-11D3-BF4B-00C04F79EFBC}") = "RegexTimeouts", "Regex\Timeouts\RegexTimeouts.csproj", "{FADDCE00-3AD8-4188-9675-6EF7E88E09FC}"
EndProject
Project("{2150E333-8FDC-42A3-9474-1A3956D46DE8}") = "Strings", "Strings", "{88D76724-0B69-4853-9C40-AEC6F6627206}"
EndProject
Project("{FAE04EC0-301F-11D3-BF4B-00C04F79EFBC}") = "Formatting", "Strings\Formatting\Formatting.csproj", "{D69DCCBE-9927-4F21-BE5D-0C49E90907B0}"
EndProject
Project("{FAE04EC0-301F-11D3-BF4B-00C04F79EFBC}") = "Interpolation", "Strings\Interpolation\Interpolation.csproj", "{DF4E2D1B-338E-47D7-B353-40DC387BE603}"
EndProject
Project("{FAE04EC0-301F-11D3-BF4B-00C04F79EFBC}") = "Manipulation", "Strings\Manipulation\Manipulation.csproj", "{5A69EFF1-BA90-4586-8B08-33955C3B3EDB}"
EndProject
Project("{FAE04EC0-301F-11D3-BF4B-00C04F79EFBC}") = "Searching", "Strings\Searching\Searching.csproj", "{75DC5BDD-C58A-4BB1-8BF9-EFD73FA3E228}"
EndProject
Project("{FAE04EC0-301F-11D3-BF4B-00C04F79EFBC}") = "ChallengeRegex", "Regex\ChallengeRegex\ChallengeRegex.csproj", "{6A3EDD1E-7B95-40C2-8323-7AB625B38C5C}"
EndProject
Project("{FAE04EC0-301F-11D3-BF4B-00C04F79EFBC}") = "FileCollection", "Files\Challenge\FileCollection\FileCollection.csproj", "{D40203EA-D359-46DB-8C80-4A53DB7A47B1}"
EndProject
Global
	GlobalSection(SolutionConfigurationPlatforms) = preSolution
		Debug|Any CPU = Debug|Any CPU
		Release|Any CPU = Release|Any CPU
	EndGlobalSection
	GlobalSection(ProjectConfigurationPlatforms) = postSolution
		{D0E7F563-10B3-4CD3-99CF-9ADB4735949A}.Debug|Any CPU.ActiveCfg = Debug|Any CPU
		{D0E7F563-10B3-4CD3-99CF-9ADB4735949A}.Debug|Any CPU.Build.0 = Debug|Any CPU
		{D0E7F563-10B3-4CD3-99CF-9ADB4735949A}.Release|Any CPU.ActiveCfg = Release|Any CPU
		{D0E7F563-10B3-4CD3-99CF-9ADB4735949A}.Release|Any CPU.Build.0 = Release|Any CPU
		{2BD440DC-6CF8-4361-8C18-66B373A24922}.Debug|Any CPU.ActiveCfg = Debug|Any CPU
		{2BD440DC-6CF8-4361-8C18-66B373A24922}.Debug|Any CPU.Build.0 = Debug|Any CPU
		{2BD440DC-6CF8-4361-8C18-66B373A24922}.Release|Any CPU.ActiveCfg = Release|Any CPU
		{2BD440DC-6CF8-4361-8C18-66B373A24922}.Release|Any CPU.Build.0 = Release|Any CPU
		{95F7545F-6748-48F8-AA73-16666D968DCD}.Debug|Any CPU.ActiveCfg = Debug|Any CPU
		{95F7545F-6748-48F8-AA73-16666D968DCD}.Debug|Any CPU.Build.0 = Debug|Any CPU
		{95F7545F-6748-48F8-AA73-16666D968DCD}.Release|Any CPU.ActiveCfg = Release|Any CPU
		{95F7545F-6748-48F8-AA73-16666D968DCD}.Release|Any CPU.Build.0 = Release|Any CPU
		{1AFD585F-3137-45B2-80EB-B9A97048CC49}.Debug|Any CPU.ActiveCfg = Debug|Any CPU
		{1AFD585F-3137-45B2-80EB-B9A97048CC49}.Debug|Any CPU.Build.0 = Debug|Any CPU
		{1AFD585F-3137-45B2-80EB-B9A97048CC49}.Release|Any CPU.ActiveCfg = Release|Any CPU
		{1AFD585F-3137-45B2-80EB-B9A97048CC49}.Release|Any CPU.Build.0 = Release|Any CPU
		{1E4E2ED7-3990-432B-984D-65AA8A39C623}.Debug|Any CPU.ActiveCfg = Debug|Any CPU
		{1E4E2ED7-3990-432B-984D-65AA8A39C623}.Debug|Any CPU.Build.0 = Debug|Any CPU
		{1E4E2ED7-3990-432B-984D-65AA8A39C623}.Release|Any CPU.ActiveCfg = Release|Any CPU
		{1E4E2ED7-3990-432B-984D-65AA8A39C623}.Release|Any CPU.Build.0 = Release|Any CPU
		{0BB0DFDA-642B-4044-A841-71142311822C}.Debug|Any CPU.ActiveCfg = Debug|Any CPU
		{0BB0DFDA-642B-4044-A841-71142311822C}.Debug|Any CPU.Build.0 = Debug|Any CPU
		{0BB0DFDA-642B-4044-A841-71142311822C}.Release|Any CPU.ActiveCfg = Release|Any CPU
		{0BB0DFDA-642B-4044-A841-71142311822C}.Release|Any CPU.Build.0 = Release|Any CPU
		{EAD1363F-4CC8-4B4E-877A-D839FE7C6613}.Debug|Any CPU.ActiveCfg = Debug|Any CPU
		{EAD1363F-4CC8-4B4E-877A-D839FE7C6613}.Debug|Any CPU.Build.0 = Debug|Any CPU
		{EAD1363F-4CC8-4B4E-877A-D839FE7C6613}.Release|Any CPU.ActiveCfg = Release|Any CPU
		{EAD1363F-4CC8-4B4E-877A-D839FE7C6613}.Release|Any CPU.Build.0 = Release|Any CPU
		{8CAE88F4-046D-4F9C-A614-75CDF6DA9C8C}.Debug|Any CPU.ActiveCfg = Debug|Any CPU
		{8CAE88F4-046D-4F9C-A614-75CDF6DA9C8C}.Debug|Any CPU.Build.0 = Debug|Any CPU
		{8CAE88F4-046D-4F9C-A614-75CDF6DA9C8C}.Release|Any CPU.ActiveCfg = Release|Any CPU
		{8CAE88F4-046D-4F9C-A614-75CDF6DA9C8C}.Release|Any CPU.Build.0 = Release|Any CPU
		{DA390330-D382-4275-A98B-BE0DB6AB87ED}.Debug|Any CPU.ActiveCfg = Debug|Any CPU
		{DA390330-D382-4275-A98B-BE0DB6AB87ED}.Debug|Any CPU.Build.0 = Debug|Any CPU
		{DA390330-D382-4275-A98B-BE0DB6AB87ED}.Release|Any CPU.ActiveCfg = Release|Any CPU
		{DA390330-D382-4275-A98B-BE0DB6AB87ED}.Release|Any CPU.Build.0 = Release|Any CPU
		{D08FE099-D27B-473C-BD56-7B595CD1C98B}.Debug|Any CPU.ActiveCfg = Debug|Any CPU
		{D08FE099-D27B-473C-BD56-7B595CD1C98B}.Debug|Any CPU.Build.0 = Debug|Any CPU
		{D08FE099-D27B-473C-BD56-7B595CD1C98B}.Release|Any CPU.ActiveCfg = Release|Any CPU
		{D08FE099-D27B-473C-BD56-7B595CD1C98B}.Release|Any CPU.Build.0 = Release|Any CPU
		{38EC6F4F-B81F-4712-8E91-47164357D75C}.Debug|Any CPU.ActiveCfg = Debug|Any CPU
		{38EC6F4F-B81F-4712-8E91-47164357D75C}.Debug|Any CPU.Build.0 = Debug|Any CPU
		{38EC6F4F-B81F-4712-8E91-47164357D75C}.Release|Any CPU.ActiveCfg = Release|Any CPU
		{38EC6F4F-B81F-4712-8E91-47164357D75C}.Release|Any CPU.Build.0 = Release|Any CPU
		{A3C9770B-0747-46AF-9DF9-5E5E595257B8}.Debug|Any CPU.ActiveCfg = Debug|Any CPU
		{A3C9770B-0747-46AF-9DF9-5E5E595257B8}.Debug|Any CPU.Build.0 = Debug|Any CPU
		{A3C9770B-0747-46AF-9DF9-5E5E595257B8}.Release|Any CPU.ActiveCfg = Release|Any CPU
		{A3C9770B-0747-46AF-9DF9-5E5E595257B8}.Release|Any CPU.Build.0 = Release|Any CPU
		{C20064D5-54B1-407B-96BC-E9AC93DC4DCF}.Debug|Any CPU.ActiveCfg = Debug|Any CPU
		{C20064D5-54B1-407B-96BC-E9AC93DC4DCF}.Debug|Any CPU.Build.0 = Debug|Any CPU
		{C20064D5-54B1-407B-96BC-E9AC93DC4DCF}.Release|Any CPU.ActiveCfg = Release|Any CPU
		{C20064D5-54B1-407B-96BC-E9AC93DC4DCF}.Release|Any CPU.Build.0 = Release|Any CPU
		{0651638D-D398-4840-824F-3A72E951259E}.Debug|Any CPU.ActiveCfg = Debug|Any CPU
		{0651638D-D398-4840-824F-3A72E951259E}.Debug|Any CPU.Build.0 = Debug|Any CPU
		{0651638D-D398-4840-824F-3A72E951259E}.Release|Any CPU.ActiveCfg = Release|Any CPU
		{0651638D-D398-4840-824F-3A72E951259E}.Release|Any CPU.Build.0 = Release|Any CPU
		{3E7CC3A7-B0ED-4605-ADAC-4CE7773B0D58}.Debug|Any CPU.ActiveCfg = Debug|Any CPU
		{3E7CC3A7-B0ED-4605-ADAC-4CE7773B0D58}.Debug|Any CPU.Build.0 = Debug|Any CPU
		{3E7CC3A7-B0ED-4605-ADAC-4CE7773B0D58}.Release|Any CPU.ActiveCfg = Release|Any CPU
		{3E7CC3A7-B0ED-4605-ADAC-4CE7773B0D58}.Release|Any CPU.Build.0 = Release|Any CPU
		{FADDCE00-3AD8-4188-9675-6EF7E88E09FC}.Debug|Any CPU.ActiveCfg = Debug|Any CPU
		{FADDCE00-3AD8-4188-9675-6EF7E88E09FC}.Debug|Any CPU.Build.0 = Debug|Any CPU
		{FADDCE00-3AD8-4188-9675-6EF7E88E09FC}.Release|Any CPU.ActiveCfg = Release|Any CPU
		{FADDCE00-3AD8-4188-9675-6EF7E88E09FC}.Release|Any CPU.Build.0 = Release|Any CPU
		{D69DCCBE-9927-4F21-BE5D-0C49E90907B0}.Debug|Any CPU.ActiveCfg = Debug|Any CPU
		{D69DCCBE-9927-4F21-BE5D-0C49E90907B0}.Debug|Any CPU.Build.0 = Debug|Any CPU
		{D69DCCBE-9927-4F21-BE5D-0C49E90907B0}.Release|Any CPU.ActiveCfg = Release|Any CPU
		{D69DCCBE-9927-4F21-BE5D-0C49E90907B0}.Release|Any CPU.Build.0 = Release|Any CPU
		{DF4E2D1B-338E-47D7-B353-40DC387BE603}.Debug|Any CPU.ActiveCfg = Debug|Any CPU
		{DF4E2D1B-338E-47D7-B353-40DC387BE603}.Debug|Any CPU.Build.0 = Debug|Any CPU
		{DF4E2D1B-338E-47D7-B353-40DC387BE603}.Release|Any CPU.ActiveCfg = Release|Any CPU
		{DF4E2D1B-338E-47D7-B353-40DC387BE603}.Release|Any CPU.Build.0 = Release|Any CPU
		{5A69EFF1-BA90-4586-8B08-33955C3B3EDB}.Debug|Any CPU.ActiveCfg = Debug|Any CPU
		{5A69EFF1-BA90-4586-8B08-33955C3B3EDB}.Debug|Any CPU.Build.0 = Debug|Any CPU
		{5A69EFF1-BA90-4586-8B08-33955C3B3EDB}.Release|Any CPU.ActiveCfg = Release|Any CPU
		{5A69EFF1-BA90-4586-8B08-33955C3B3EDB}.Release|Any CPU.Build.0 = Release|Any CPU
		{75DC5BDD-C58A-4BB1-8BF9-EFD73FA3E228}.Debug|Any CPU.ActiveCfg = Debug|Any CPU
		{75DC5BDD-C58A-4BB1-8BF9-EFD73FA3E228}.Debug|Any CPU.Build.0 = Debug|Any CPU
		{75DC5BDD-C58A-4BB1-8BF9-EFD73FA3E228}.Release|Any CPU.ActiveCfg = Release|Any CPU
		{75DC5BDD-C58A-4BB1-8BF9-EFD73FA3E228}.Release|Any CPU.Build.0 = Release|Any CPU
		{6A3EDD1E-7B95-40C2-8323-7AB625B38C5C}.Debug|Any CPU.ActiveCfg = Debug|Any CPU
		{6A3EDD1E-7B95-40C2-8323-7AB625B38C5C}.Debug|Any CPU.Build.0 = Debug|Any CPU
		{6A3EDD1E-7B95-40C2-8323-7AB625B38C5C}.Release|Any CPU.ActiveCfg = Release|Any CPU
		{6A3EDD1E-7B95-40C2-8323-7AB625B38C5C}.Release|Any CPU.Build.0 = Release|Any CPU
		{D40203EA-D359-46DB-8C80-4A53DB7A47B1}.Debug|Any CPU.ActiveCfg = Debug|Any CPU
		{D40203EA-D359-46DB-8C80-4A53DB7A47B1}.Debug|Any CPU.Build.0 = Debug|Any CPU
		{D40203EA-D359-46DB-8C80-4A53DB7A47B1}.Release|Any CPU.ActiveCfg = Release|Any CPU
		{D40203EA-D359-46DB-8C80-4A53DB7A47B1}.Release|Any CPU.Build.0 = Release|Any CPU
	EndGlobalSection
	GlobalSection(SolutionProperties) = preSolution
		HideSolutionNode = FALSE
	EndGlobalSection
	GlobalSection(NestedProjects) = preSolution
		{D0E7F563-10B3-4CD3-99CF-9ADB4735949A} = {564C795E-C1D9-4ED6-B394-F80360C37209}
		{2BD440DC-6CF8-4361-8C18-66B373A24922} = {564C795E-C1D9-4ED6-B394-F80360C37209}
		{95F7545F-6748-48F8-AA73-16666D968DCD} = {564C795E-C1D9-4ED6-B394-F80360C37209}
		{1AFD585F-3137-45B2-80EB-B9A97048CC49} = {564C795E-C1D9-4ED6-B394-F80360C37209}
		{1E4E2ED7-3990-432B-984D-65AA8A39C623} = {0C03B9C7-1717-448B-936E-359A9FD5F9B1}
		{0BB0DFDA-642B-4044-A841-71142311822C} = {0C03B9C7-1717-448B-936E-359A9FD5F9B1}
		{EAD1363F-4CC8-4B4E-877A-D839FE7C6613} = {0C03B9C7-1717-448B-936E-359A9FD5F9B1}
		{8CAE88F4-046D-4F9C-A614-75CDF6DA9C8C} = {0C03B9C7-1717-448B-936E-359A9FD5F9B1}
		{DA390330-D382-4275-A98B-BE0DB6AB87ED} = {0C03B9C7-1717-448B-936E-359A9FD5F9B1}
		{D08FE099-D27B-473C-BD56-7B595CD1C98B} = {0C03B9C7-1717-448B-936E-359A9FD5F9B1}
		{38EC6F4F-B81F-4712-8E91-47164357D75C} = {7C9E31C4-509D-44D9-9827-D75736964FD2}
		{A3C9770B-0747-46AF-9DF9-5E5E595257B8} = {7C9E31C4-509D-44D9-9827-D75736964FD2}
		{C20064D5-54B1-407B-96BC-E9AC93DC4DCF} = {7C9E31C4-509D-44D9-9827-D75736964FD2}
		{0651638D-D398-4840-824F-3A72E951259E} = {B74CDA1C-2425-4B03-B4DA-4B28D6C475FD}
		{3E7CC3A7-B0ED-4605-ADAC-4CE7773B0D58} = {B74CDA1C-2425-4B03-B4DA-4B28D6C475FD}
		{FADDCE00-3AD8-4188-9675-6EF7E88E09FC} = {B74CDA1C-2425-4B03-B4DA-4B28D6C475FD}
		{D69DCCBE-9927-4F21-BE5D-0C49E90907B0} = {88D76724-0B69-4853-9C40-AEC6F6627206}
		{DF4E2D1B-338E-47D7-B353-40DC387BE603} = {88D76724-0B69-4853-9C40-AEC6F6627206}
		{5A69EFF1-BA90-4586-8B08-33955C3B3EDB} = {88D76724-0B69-4853-9C40-AEC6F6627206}
		{75DC5BDD-C58A-4BB1-8BF9-EFD73FA3E228} = {88D76724-0B69-4853-9C40-AEC6F6627206}
		{6A3EDD1E-7B95-40C2-8323-7AB625B38C5C} = {B74CDA1C-2425-4B03-B4DA-4B28D6C475FD}
		{D40203EA-D359-46DB-8C80-4A53DB7A47B1} = {564C795E-C1D9-4ED6-B394-F80360C37209}
	EndGlobalSection
EndGlobal
